
Microsoft Visual Studio Solution File, Format Version 12.00
# Visual Studio 14
VisualStudioVersion = 14.0.25420.1
MinimumVisualStudioVersion = 10.0.40219.1
Project("{8BC9CEB8-8B4A-11D0-8D11-00A0C91BC942}") = "ExhaustiveSearch", "ExhaustiveSearch\ExhaustiveSearch.vcxproj", "{42FFA552-A800-42E8-A5BF-501AEBC1F349}"
EndProject
Project("{8BC9CEB8-8B4A-11D0-8D11-00A0C91BC942}") = "newton", "..\..\newton-dynamics\coreLibrary_300\projects\windows\project_vs2015\newton.vcxproj", "{68D9962C-0EC7-445A-B0FD-F87B16D43901}"
EndProject
Project("{8BC9CEB8-8B4A-11D0-8D11-00A0C91BC942}") = "dMath", "..\..\newton-dynamics\packages\projects\visualStudio_2015\dMath.vcxproj", "{CBE9E751-E58B-46C1-B6B0-873670D0F981}"
EndProject
Project("{8BC9CEB8-8B4A-11D0-8D11-00A0C91BC942}") = "dContainers", "..\..\newton-dynamics\packages\projects\visualStudio_2015\dContainers.vcxproj", "{F67C4593-A914-4DDF-8CB5-C59A3EF3ECE0}"
EndProject
Project("{8BC9CEB8-8B4A-11D0-8D11-00A0C91BC942}") = "dJointLibrary", "..\..\newton-dynamics\packages\projects\visualStudio_2015\dJointLibrary.vcxproj", "{721C99CE-4716-4146-9817-59BC2671B844}"
EndProject
Project("{8BC9CEB8-8B4A-11D0-8D11-00A0C91BC942}") = "dScene", "..\..\newton-dynamics\packages\projects\visualStudio_2015\dScene.vcxproj", "{B5EEC82D-938F-44C9-89BB-4A058581750B}"
EndProject
Project("{8BC9CEB8-8B4A-11D0-8D11-00A0C91BC942}") = "dAnimation", "..\..\newton-dynamics\packages\projects\visualStudio_2015\dAnimation.vcxproj", "{E3C14351-BAD1-4ADD-AB9A-31054D6E7CDB}"
EndProject
Project("{8BC9CEB8-8B4A-11D0-8D11-00A0C91BC942}") = "physics", "..\..\newton-dynamics\coreLibrary_300\projects\windows\project_vs2015\physics.vcxproj", "{39737A8F-6151-4259-8E39-25530345D4B4}"
EndProject
Project("{8BC9CEB8-8B4A-11D0-8D11-00A0C91BC942}") = "ampPhysics", "..\..\newton-dynamics\coreLibrary_300\projects\windows\project_vs2015\ampPhysics.vcxproj", "{4798DA95-FE1B-4160-B752-24C4B1FABA49}"
EndProject
Project("{8BC9CEB8-8B4A-11D0-8D11-00A0C91BC942}") = "core", "..\..\newton-dynamics\coreLibrary_300\projects\windows\project_vs2015\core.vcxproj", "{57AC4F2D-B115-4931-8F6E-AF8AD616B6AA}"
EndProject
Project("{8BC9CEB8-8B4A-11D0-8D11-00A0C91BC942}") = "pthread", "..\..\newton-dynamics\coreLibrary_300\source\pthreads.2\VS_2015_static_mt\pthread.vcxproj", "{03BCA23C-02A5-415B-A37B-26600BC2CE96}"
EndProject
Project("{8BC9CEB8-8B4A-11D0-8D11-00A0C91BC942}") = "lib3ds", "lib3ds\lib3ds.vcxproj", "{8D64590E-6757-4A85-8190-7A2B01833373}"
EndProject
Project("{2150E333-8FDC-42A3-9474-1A3956D46DE8}") = "newton-dynamics", "newton-dynamics", "{B2AF1F51-BAC0-4D11-BF90-AF132CD25D9F}"
EndProject
Project("{8BC9CEB8-8B4A-11D0-8D11-00A0C91BC942}") = "ExhaustiveSearchGUI", "ExhaustiveSearchGUI\ExhaustiveSearchGUI.vcxproj", "{9A9A415E-6475-47F2-8448-B59405464485}"
EndProject
Project("{8BC9CEB8-8B4A-11D0-8D11-00A0C91BC942}") = "rendering", "rendering\rendering.vcxproj", "{5F869611-EEDB-4C60-9864-9D1761889975}"
EndProject
Project("{8BC9CEB8-8B4A-11D0-8D11-00A0C91BC942}") = "ExtractSurfacePointsGUI", "ExtractSurfacePointsGUI\ExtractSurfacePointsGUI.vcxproj", "{ADB6EF52-2235-49BF-8B29-7E52ADEE80C5}"
EndProject
Project("{8BC9CEB8-8B4A-11D0-8D11-00A0C91BC942}") = "VisualSearchGUI", "VisualSearchGUI\VisualSearchGUI.vcxproj", "{4DFAC25A-4A91-41AE-AE29-A82B90661EF8}"
EndProject
Project("{8BC9CEB8-8B4A-11D0-8D11-00A0C91BC942}") = "alglib", "alglib\alglib.vcxproj", "{1ADA1963-9165-42D7-AEBF-F45B6AF03674}"
EndProject
Global
	GlobalSection(SolutionConfigurationPlatforms) = preSolution
		Debug|x64 = Debug|x64
		Debug|x86 = Debug|x86
		Release|x64 = Release|x64
		Release|x86 = Release|x86
	EndGlobalSection
	GlobalSection(ProjectConfigurationPlatforms) = postSolution
		{42FFA552-A800-42E8-A5BF-501AEBC1F349}.Debug|x64.ActiveCfg = Debug|x64
		{42FFA552-A800-42E8-A5BF-501AEBC1F349}.Debug|x64.Build.0 = Debug|x64
		{42FFA552-A800-42E8-A5BF-501AEBC1F349}.Debug|x86.ActiveCfg = Debug|Win32
		{42FFA552-A800-42E8-A5BF-501AEBC1F349}.Debug|x86.Build.0 = Debug|Win32
		{42FFA552-A800-42E8-A5BF-501AEBC1F349}.Release|x64.ActiveCfg = Release|x64
		{42FFA552-A800-42E8-A5BF-501AEBC1F349}.Release|x64.Build.0 = Release|x64
		{42FFA552-A800-42E8-A5BF-501AEBC1F349}.Release|x86.ActiveCfg = Release|Win32
		{42FFA552-A800-42E8-A5BF-501AEBC1F349}.Release|x86.Build.0 = Release|Win32
		{68D9962C-0EC7-445A-B0FD-F87B16D43901}.Debug|x64.ActiveCfg = debug|x64
		{68D9962C-0EC7-445A-B0FD-F87B16D43901}.Debug|x64.Build.0 = debug|x64
		{68D9962C-0EC7-445A-B0FD-F87B16D43901}.Debug|x86.ActiveCfg = debug|Win32
		{68D9962C-0EC7-445A-B0FD-F87B16D43901}.Debug|x86.Build.0 = debug|Win32
		{68D9962C-0EC7-445A-B0FD-F87B16D43901}.Release|x64.ActiveCfg = release|x64
		{68D9962C-0EC7-445A-B0FD-F87B16D43901}.Release|x64.Build.0 = release|x64
		{68D9962C-0EC7-445A-B0FD-F87B16D43901}.Release|x86.ActiveCfg = release|Win32
		{68D9962C-0EC7-445A-B0FD-F87B16D43901}.Release|x86.Build.0 = release|Win32
		{CBE9E751-E58B-46C1-B6B0-873670D0F981}.Debug|x64.ActiveCfg = debug|x64
		{CBE9E751-E58B-46C1-B6B0-873670D0F981}.Debug|x64.Build.0 = debug|x64
		{CBE9E751-E58B-46C1-B6B0-873670D0F981}.Debug|x86.ActiveCfg = debug|Win32
		{CBE9E751-E58B-46C1-B6B0-873670D0F981}.Debug|x86.Build.0 = debug|Win32
		{CBE9E751-E58B-46C1-B6B0-873670D0F981}.Release|x64.ActiveCfg = release|x64
		{CBE9E751-E58B-46C1-B6B0-873670D0F981}.Release|x64.Build.0 = release|x64
		{CBE9E751-E58B-46C1-B6B0-873670D0F981}.Release|x86.ActiveCfg = release|Win32
		{CBE9E751-E58B-46C1-B6B0-873670D0F981}.Release|x86.Build.0 = release|Win32
		{F67C4593-A914-4DDF-8CB5-C59A3EF3ECE0}.Debug|x64.ActiveCfg = Debug|x64
		{F67C4593-A914-4DDF-8CB5-C59A3EF3ECE0}.Debug|x64.Build.0 = Debug|x64
		{F67C4593-A914-4DDF-8CB5-C59A3EF3ECE0}.Debug|x86.ActiveCfg = Debug|Win32
		{F67C4593-A914-4DDF-8CB5-C59A3EF3ECE0}.Debug|x86.Build.0 = Debug|Win32
		{F67C4593-A914-4DDF-8CB5-C59A3EF3ECE0}.Release|x64.ActiveCfg = release|x64
		{F67C4593-A914-4DDF-8CB5-C59A3EF3ECE0}.Release|x64.Build.0 = release|x64
		{F67C4593-A914-4DDF-8CB5-C59A3EF3ECE0}.Release|x86.ActiveCfg = release|Win32
		{F67C4593-A914-4DDF-8CB5-C59A3EF3ECE0}.Release|x86.Build.0 = release|Win32
		{721C99CE-4716-4146-9817-59BC2671B844}.Debug|x64.ActiveCfg = debug|x64
		{721C99CE-4716-4146-9817-59BC2671B844}.Debug|x64.Build.0 = debug|x64
		{721C99CE-4716-4146-9817-59BC2671B844}.Debug|x86.ActiveCfg = debug|Win32
		{721C99CE-4716-4146-9817-59BC2671B844}.Debug|x86.Build.0 = debug|Win32
		{721C99CE-4716-4146-9817-59BC2671B844}.Release|x64.ActiveCfg = release|x64
		{721C99CE-4716-4146-9817-59BC2671B844}.Release|x64.Build.0 = release|x64
		{721C99CE-4716-4146-9817-59BC2671B844}.Release|x86.ActiveCfg = release|Win32
		{721C99CE-4716-4146-9817-59BC2671B844}.Release|x86.Build.0 = release|Win32
		{B5EEC82D-938F-44C9-89BB-4A058581750B}.Debug|x64.ActiveCfg = debug|x64
		{B5EEC82D-938F-44C9-89BB-4A058581750B}.Debug|x64.Build.0 = debug|x64
		{B5EEC82D-938F-44C9-89BB-4A058581750B}.Debug|x86.ActiveCfg = debug|Win32
		{B5EEC82D-938F-44C9-89BB-4A058581750B}.Debug|x86.Build.0 = debug|Win32
		{B5EEC82D-938F-44C9-89BB-4A058581750B}.Release|x64.ActiveCfg = release|x64
		{B5EEC82D-938F-44C9-89BB-4A058581750B}.Release|x64.Build.0 = release|x64
		{B5EEC82D-938F-44C9-89BB-4A058581750B}.Release|x86.ActiveCfg = release|Win32
		{B5EEC82D-938F-44C9-89BB-4A058581750B}.Release|x86.Build.0 = release|Win32
		{E3C14351-BAD1-4ADD-AB9A-31054D6E7CDB}.Debug|x64.ActiveCfg = Debug|x64
		{E3C14351-BAD1-4ADD-AB9A-31054D6E7CDB}.Debug|x64.Build.0 = Debug|x64
		{E3C14351-BAD1-4ADD-AB9A-31054D6E7CDB}.Debug|x86.ActiveCfg = Debug|Win32
		{E3C14351-BAD1-4ADD-AB9A-31054D6E7CDB}.Debug|x86.Build.0 = Debug|Win32
		{E3C14351-BAD1-4ADD-AB9A-31054D6E7CDB}.Release|x64.ActiveCfg = Release|x64
		{E3C14351-BAD1-4ADD-AB9A-31054D6E7CDB}.Release|x64.Build.0 = Release|x64
		{E3C14351-BAD1-4ADD-AB9A-31054D6E7CDB}.Release|x86.ActiveCfg = Release|Win32
		{E3C14351-BAD1-4ADD-AB9A-31054D6E7CDB}.Release|x86.Build.0 = Release|Win32
		{39737A8F-6151-4259-8E39-25530345D4B4}.Debug|x64.ActiveCfg = debug|x64
		{39737A8F-6151-4259-8E39-25530345D4B4}.Debug|x64.Build.0 = debug|x64
		{39737A8F-6151-4259-8E39-25530345D4B4}.Debug|x86.ActiveCfg = debug|Win32
		{39737A8F-6151-4259-8E39-25530345D4B4}.Debug|x86.Build.0 = debug|Win32
		{39737A8F-6151-4259-8E39-25530345D4B4}.Release|x64.ActiveCfg = release|x64
		{39737A8F-6151-4259-8E39-25530345D4B4}.Release|x64.Build.0 = release|x64
		{39737A8F-6151-4259-8E39-25530345D4B4}.Release|x86.ActiveCfg = release|Win32
		{39737A8F-6151-4259-8E39-25530345D4B4}.Release|x86.Build.0 = release|Win32
		{4798DA95-FE1B-4160-B752-24C4B1FABA49}.Debug|x64.ActiveCfg = debug|x64
		{4798DA95-FE1B-4160-B752-24C4B1FABA49}.Debug|x64.Build.0 = debug|x64
		{4798DA95-FE1B-4160-B752-24C4B1FABA49}.Debug|x86.ActiveCfg = debug|Win32
		{4798DA95-FE1B-4160-B752-24C4B1FABA49}.Debug|x86.Build.0 = debug|Win32
		{4798DA95-FE1B-4160-B752-24C4B1FABA49}.Release|x64.ActiveCfg = release|x64
		{4798DA95-FE1B-4160-B752-24C4B1FABA49}.Release|x64.Build.0 = release|x64
		{4798DA95-FE1B-4160-B752-24C4B1FABA49}.Release|x86.ActiveCfg = release|Win32
		{4798DA95-FE1B-4160-B752-24C4B1FABA49}.Release|x86.Build.0 = release|Win32
		{57AC4F2D-B115-4931-8F6E-AF8AD616B6AA}.Debug|x64.ActiveCfg = Debug|x64
		{57AC4F2D-B115-4931-8F6E-AF8AD616B6AA}.Debug|x64.Build.0 = Debug|x64
		{57AC4F2D-B115-4931-8F6E-AF8AD616B6AA}.Debug|x86.ActiveCfg = Debug|Win32
		{57AC4F2D-B115-4931-8F6E-AF8AD616B6AA}.Debug|x86.Build.0 = Debug|Win32
		{57AC4F2D-B115-4931-8F6E-AF8AD616B6AA}.Release|x64.ActiveCfg = release|x64
		{57AC4F2D-B115-4931-8F6E-AF8AD616B6AA}.Release|x64.Build.0 = release|x64
		{57AC4F2D-B115-4931-8F6E-AF8AD616B6AA}.Release|x86.ActiveCfg = release|Win32
		{57AC4F2D-B115-4931-8F6E-AF8AD616B6AA}.Release|x86.Build.0 = release|Win32
		{03BCA23C-02A5-415B-A37B-26600BC2CE96}.Debug|x64.ActiveCfg = debug|x64
		{03BCA23C-02A5-415B-A37B-26600BC2CE96}.Debug|x64.Build.0 = debug|x64
		{03BCA23C-02A5-415B-A37B-26600BC2CE96}.Debug|x86.ActiveCfg = debug|Win32
		{03BCA23C-02A5-415B-A37B-26600BC2CE96}.Debug|x86.Build.0 = debug|Win32
		{03BCA23C-02A5-415B-A37B-26600BC2CE96}.Release|x64.ActiveCfg = release|x64
		{03BCA23C-02A5-415B-A37B-26600BC2CE96}.Release|x64.Build.0 = release|x64
		{03BCA23C-02A5-415B-A37B-26600BC2CE96}.Release|x86.ActiveCfg = release|Win32
		{03BCA23C-02A5-415B-A37B-26600BC2CE96}.Release|x86.Build.0 = release|Win32
		{8D64590E-6757-4A85-8190-7A2B01833373}.Debug|x64.ActiveCfg = Debug|x64
		{8D64590E-6757-4A85-8190-7A2B01833373}.Debug|x64.Build.0 = Debug|x64
		{8D64590E-6757-4A85-8190-7A2B01833373}.Debug|x86.ActiveCfg = Debug|Win32
		{8D64590E-6757-4A85-8190-7A2B01833373}.Debug|x86.Build.0 = Debug|Win32
		{8D64590E-6757-4A85-8190-7A2B01833373}.Release|x64.ActiveCfg = Release|x64
		{8D64590E-6757-4A85-8190-7A2B01833373}.Release|x64.Build.0 = Release|x64
		{8D64590E-6757-4A85-8190-7A2B01833373}.Release|x86.ActiveCfg = Release|Win32
		{8D64590E-6757-4A85-8190-7A2B01833373}.Release|x86.Build.0 = Release|Win32
		{9A9A415E-6475-47F2-8448-B59405464485}.Debug|x64.ActiveCfg = Debug|x64
		{9A9A415E-6475-47F2-8448-B59405464485}.Debug|x64.Build.0 = Debug|x64
		{9A9A415E-6475-47F2-8448-B59405464485}.Debug|x86.ActiveCfg = Debug|Win32
		{9A9A415E-6475-47F2-8448-B59405464485}.Debug|x86.Build.0 = Debug|Win32
		{9A9A415E-6475-47F2-8448-B59405464485}.Release|x64.ActiveCfg = Release|x64
		{9A9A415E-6475-47F2-8448-B59405464485}.Release|x64.Build.0 = Release|x64
		{9A9A415E-6475-47F2-8448-B59405464485}.Release|x86.ActiveCfg = Release|Win32
		{9A9A415E-6475-47F2-8448-B59405464485}.Release|x86.Build.0 = Release|Win32
		{5F869611-EEDB-4C60-9864-9D1761889975}.Debug|x64.ActiveCfg = Debug|x64
		{5F869611-EEDB-4C60-9864-9D1761889975}.Debug|x64.Build.0 = Debug|x64
		{5F869611-EEDB-4C60-9864-9D1761889975}.Debug|x86.ActiveCfg = Debug|Win32
		{5F869611-EEDB-4C60-9864-9D1761889975}.Debug|x86.Build.0 = Debug|Win32
		{5F869611-EEDB-4C60-9864-9D1761889975}.Release|x64.ActiveCfg = Release|x64
		{5F869611-EEDB-4C60-9864-9D1761889975}.Release|x64.Build.0 = Release|x64
		{5F869611-EEDB-4C60-9864-9D1761889975}.Release|x86.ActiveCfg = Release|Win32
		{5F869611-EEDB-4C60-9864-9D1761889975}.Release|x86.Build.0 = Release|Win32
		{ADB6EF52-2235-49BF-8B29-7E52ADEE80C5}.Debug|x64.ActiveCfg = Debug|x64
		{ADB6EF52-2235-49BF-8B29-7E52ADEE80C5}.Debug|x64.Build.0 = Debug|x64
		{ADB6EF52-2235-49BF-8B29-7E52ADEE80C5}.Debug|x86.ActiveCfg = Debug|Win32
		{ADB6EF52-2235-49BF-8B29-7E52ADEE80C5}.Debug|x86.Build.0 = Debug|Win32
		{ADB6EF52-2235-49BF-8B29-7E52ADEE80C5}.Release|x64.ActiveCfg = Release|x64
		{ADB6EF52-2235-49BF-8B29-7E52ADEE80C5}.Release|x64.Build.0 = Release|x64
		{ADB6EF52-2235-49BF-8B29-7E52ADEE80C5}.Release|x86.ActiveCfg = Release|Win32
		{ADB6EF52-2235-49BF-8B29-7E52ADEE80C5}.Release|x86.Build.0 = Release|Win32
		{4DFAC25A-4A91-41AE-AE29-A82B90661EF8}.Debug|x64.ActiveCfg = Debug|x64
		{4DFAC25A-4A91-41AE-AE29-A82B90661EF8}.Debug|x64.Build.0 = Debug|x64
		{4DFAC25A-4A91-41AE-AE29-A82B90661EF8}.Debug|x86.ActiveCfg = Debug|Win32
		{4DFAC25A-4A91-41AE-AE29-A82B90661EF8}.Debug|x86.Build.0 = Debug|Win32
		{4DFAC25A-4A91-41AE-AE29-A82B90661EF8}.Release|x64.ActiveCfg = Release|x64
		{4DFAC25A-4A91-41AE-AE29-A82B90661EF8}.Release|x64.Build.0 = Release|x64
		{4DFAC25A-4A91-41AE-AE29-A82B90661EF8}.Release|x86.ActiveCfg = Release|Win32
		{4DFAC25A-4A91-41AE-AE29-A82B90661EF8}.Release|x86.Build.0 = Release|Win32
		{1ADA1963-9165-42D7-AEBF-F45B6AF03674}.Debug|x64.ActiveCfg = Debug|x64
		{1ADA1963-9165-42D7-AEBF-F45B6AF03674}.Debug|x64.Build.0 = Debug|x64
		{1ADA1963-9165-42D7-AEBF-F45B6AF03674}.Debug|x86.ActiveCfg = Debug|Win32
		{1ADA1963-9165-42D7-AEBF-F45B6AF03674}.Debug|x86.Build.0 = Debug|Win32
		{1ADA1963-9165-42D7-AEBF-F45B6AF03674}.Release|x64.ActiveCfg = Release|x64
		{1ADA1963-9165-42D7-AEBF-F45B6AF03674}.Release|x64.Build.0 = Release|x64
		{1ADA1963-9165-42D7-AEBF-F45B6AF03674}.Release|x86.ActiveCfg = Release|Win32
		{1ADA1963-9165-42D7-AEBF-F45B6AF03674}.Release|x86.Build.0 = Release|Win32
	EndGlobalSection
	GlobalSection(SolutionProperties) = preSolution
		HideSolutionNode = FALSE
	EndGlobalSection
	GlobalSection(NestedProjects) = preSolution
		{68D9962C-0EC7-445A-B0FD-F87B16D43901} = {B2AF1F51-BAC0-4D11-BF90-AF132CD25D9F}
		{CBE9E751-E58B-46C1-B6B0-873670D0F981} = {B2AF1F51-BAC0-4D11-BF90-AF132CD25D9F}
		{F67C4593-A914-4DDF-8CB5-C59A3EF3ECE0} = {B2AF1F51-BAC0-4D11-BF90-AF132CD25D9F}
		{721C99CE-4716-4146-9817-59BC2671B844} = {B2AF1F51-BAC0-4D11-BF90-AF132CD25D9F}
		{B5EEC82D-938F-44C9-89BB-4A058581750B} = {B2AF1F51-BAC0-4D11-BF90-AF132CD25D9F}
		{E3C14351-BAD1-4ADD-AB9A-31054D6E7CDB} = {B2AF1F51-BAC0-4D11-BF90-AF132CD25D9F}
		{39737A8F-6151-4259-8E39-25530345D4B4} = {B2AF1F51-BAC0-4D11-BF90-AF132CD25D9F}
		{4798DA95-FE1B-4160-B752-24C4B1FABA49} = {B2AF1F51-BAC0-4D11-BF90-AF132CD25D9F}
		{57AC4F2D-B115-4931-8F6E-AF8AD616B6AA} = {B2AF1F51-BAC0-4D11-BF90-AF132CD25D9F}
		{03BCA23C-02A5-415B-A37B-26600BC2CE96} = {B2AF1F51-BAC0-4D11-BF90-AF132CD25D9F}
	EndGlobalSection
EndGlobal
